
Microsoft Visual Studio Solution File, Format Version 12.00
# Visual Studio 15
VisualStudioVersion = 15.0.28307.421
MinimumVisualStudioVersion = 10.0.40219.1
Project("{8BC9CEB8-8B4A-11D0-8D11-00A0C91BC942}") = "CheckersTest", "CheckersTest\CheckersTest.vcxproj", "{AFD79F1D-E3DF-4FB2-8473-8F7FD6A1390A}"
EndProject
Global
	GlobalSection(SolutionConfigurationPlatforms) = preSolution
		Debug|x64 = Debug|x64
		Debug|x86 = Debug|x86
		Release|x64 = Release|x64
		Release|x86 = Release|x86
	EndGlobalSection
	GlobalSection(ProjectConfigurationPlatforms) = postSolution
		{AFD79F1D-E3DF-4FB2-8473-8F7FD6A1390A}.Debug|x64.ActiveCfg = Debug|x64
		{AFD79F1D-E3DF-4FB2-8473-8F7FD6A1390A}.Debug|x64.Build.0 = Debug|x64
		{AFD79F1D-E3DF-4FB2-8473-8F7FD6A1390A}.Debug|x86.ActiveCfg = Debug|Win32
		{AFD79F1D-E3DF-4FB2-8473-8F7FD6A1390A}.Debug|x86.Build.0 = Debug|Win32
		{AFD79F1D-E3DF-4FB2-8473-8F7FD6A1390A}.Release|x64.ActiveCfg = Release|x64
		{AFD79F1D-E3DF-4FB2-8473-8F7FD6A1390A}.Release|x64.Build.0 = Release|x64
		{AFD79F1D-E3DF-4FB2-8473-8F7FD6A1390A}.Release|x86.ActiveCfg = Release|Win32
		{AFD79F1D-E3DF-4FB2-8473-8F7FD6A1390A}.Release|x86.Build.0 = Release|Win32
	EndGlobalSection
	GlobalSection(SolutionProperties) = preSolution
		HideSolutionNode = FALSE
	EndGlobalSection
	GlobalSection(ExtensibilityGlobals) = postSolution
		SolutionGuid = {355DB7D1-2576-4198-BD74-2938CD6CF1C8}
	EndGlobalSection
EndGlobal
